
Microsoft Visual Studio Solution File, Format Version 12.00
# Visual Studio Version 17
VisualStudioVersion = 17.14.36429.23 d17.14
MinimumVisualStudioVersion = 10.0.40219.1
Project("{FAE04EC0-301F-11D3-BF4B-00C04F79EFBC}") = "experience-widget", "experience-widget\experience-widget.csproj", "{F45465C6-2A44-4619-B302-F3054CC7CF52}"
EndProject
Global
	GlobalSection(SolutionConfigurationPlatforms) = preSolution
		Debug|Any CPU = Debug|Any CPU
		Release|Any CPU = Release|Any CPU
	EndGlobalSection
	GlobalSection(ProjectConfigurationPlatforms) = postSolution
		{F45465C6-2A44-4619-B302-F3054CC7CF52}.Debug|Any CPU.ActiveCfg = Debug|Any CPU
		{F45465C6-2A44-4619-B302-F3054CC7CF52}.Debug|Any CPU.Build.0 = Debug|Any CPU
		{F45465C6-2A44-4619-B302-F3054CC7CF52}.Release|Any CPU.ActiveCfg = Release|Any CPU
		{F45465C6-2A44-4619-B302-F3054CC7CF52}.Release|Any CPU.Build.0 = Release|Any CPU
	EndGlobalSection
	GlobalSection(SolutionProperties) = preSolution
		HideSolutionNode = FALSE
	EndGlobalSection
	GlobalSection(ExtensibilityGlobals) = postSolution
		SolutionGuid = {04ED5D81-A28D-4E8B-A2CB-45ACB439DB9A}
	EndGlobalSection
EndGlobal
