
Microsoft Visual Studio Solution File, Format Version 12.00
# Visual Studio Version 17
VisualStudioVersion = 17.14.36429.23
MinimumVisualStudioVersion = 10.0.40219.1
Project("{2150E333-8FDC-42A3-9474-1A3956D46DE8}") = "src", "src", "{02EA681E-C7D8-13C7-8484-4AC65E1B71E8}"
EndProject
Project("{2150E333-8FDC-42A3-9474-1A3956D46DE8}") = "tests", "tests", "{CE0C1778-727D-4A5C-B893-971312C5BAF2}"
EndProject
Project("{FAE04EC0-301F-11D3-BF4B-00C04F79EFBC}") = "ExperienceWidget.Application", "src\ExperienceWidget.Application\ExperienceWidget.Application.csproj", "{0901D4CF-DB80-A894-9F6A-5EFA1E136211}"
EndProject
Project("{FAE04EC0-301F-11D3-BF4B-00C04F79EFBC}") = "ExperienceWidget.CLI", "src\ExperienceWidget.CLI\ExperienceWidget.CLI.csproj", "{735105F9-C090-83CA-C3F3-F4B4AE03ED84}"
EndProject
Project("{FAE04EC0-301F-11D3-BF4B-00C04F79EFBC}") = "ExperienceWidget.Tests", "tests\ExperienceWidget.Tests\ExperienceWidget.Tests.csproj", "{B8B2435D-94C3-058D-ED1F-920B4F20E409}"
EndProject
Project("{2150E333-8FDC-42A3-9474-1A3956D46DE8}") = "Itens de Solução", "Itens de Solução", "{380A7511-A354-6D7A-0CC0-8FA1F1BA7B6C}"
	ProjectSection(SolutionItems) = preProject
		build-npm.ps1 = build-npm.ps1
		README.md = README.md
	EndProjectSection
EndProject
Global
	GlobalSection(SolutionConfigurationPlatforms) = preSolution
		Debug|Any CPU = Debug|Any CPU
		Release|Any CPU = Release|Any CPU
	EndGlobalSection
	GlobalSection(ProjectConfigurationPlatforms) = postSolution
		{0901D4CF-DB80-A894-9F6A-5EFA1E136211}.Debug|Any CPU.ActiveCfg = Debug|Any CPU
		{0901D4CF-DB80-A894-9F6A-5EFA1E136211}.Debug|Any CPU.Build.0 = Debug|Any CPU
		{0901D4CF-DB80-A894-9F6A-5EFA1E136211}.Release|Any CPU.ActiveCfg = Release|Any CPU
		{0901D4CF-DB80-A894-9F6A-5EFA1E136211}.Release|Any CPU.Build.0 = Release|Any CPU
		{735105F9-C090-83CA-C3F3-F4B4AE03ED84}.Debug|Any CPU.ActiveCfg = Debug|Any CPU
		{735105F9-C090-83CA-C3F3-F4B4AE03ED84}.Debug|Any CPU.Build.0 = Debug|Any CPU
		{735105F9-C090-83CA-C3F3-F4B4AE03ED84}.Release|Any CPU.ActiveCfg = Release|Any CPU
		{735105F9-C090-83CA-C3F3-F4B4AE03ED84}.Release|Any CPU.Build.0 = Release|Any CPU
		{B8B2435D-94C3-058D-ED1F-920B4F20E409}.Debug|Any CPU.ActiveCfg = Debug|Any CPU
		{B8B2435D-94C3-058D-ED1F-920B4F20E409}.Debug|Any CPU.Build.0 = Debug|Any CPU
		{B8B2435D-94C3-058D-ED1F-920B4F20E409}.Release|Any CPU.ActiveCfg = Release|Any CPU
		{B8B2435D-94C3-058D-ED1F-920B4F20E409}.Release|Any CPU.Build.0 = Release|Any CPU
	EndGlobalSection
	GlobalSection(SolutionProperties) = preSolution
		HideSolutionNode = FALSE
	EndGlobalSection
	GlobalSection(NestedProjects) = preSolution
		{0901D4CF-DB80-A894-9F6A-5EFA1E136211} = {02EA681E-C7D8-13C7-8484-4AC65E1B71E8}
		{735105F9-C090-83CA-C3F3-F4B4AE03ED84} = {02EA681E-C7D8-13C7-8484-4AC65E1B71E8}
		{B8B2435D-94C3-058D-ED1F-920B4F20E409} = {CE0C1778-727D-4A5C-B893-971312C5BAF2}
	EndGlobalSection
	GlobalSection(ExtensibilityGlobals) = postSolution
		SolutionGuid = {04ED5D81-A28D-4E8B-A2CB-45ACB439DB9A}
	EndGlobalSection
EndGlobal
