
Microsoft Visual Studio Solution File, Format Version 12.00
# Visual Studio Version 17
VisualStudioVersion = 17.14.36429.23
MinimumVisualStudioVersion = 10.0.40219.1
Project("{2150E333-8FDC-42A3-9474-1A3956D46DE8}") = "src", "src", "{02EA681E-C7D8-13C7-8484-4AC65E1B71E8}"
EndProject
Project("{2150E333-8FDC-42A3-9474-1A3956D46DE8}") = "tests", "tests", "{CE0C1778-727D-4A5C-B893-971312C5BAF2}"
EndProject
Project("{FAE04EC0-301F-11D3-BF4B-00C04F79EFBC}") = "experience-widget", "src\experience-widget\experience-widget.csproj", "{4BD822DA-2C2A-262E-00EE-76279A1C54AF}"
EndProject
Project("{FAE04EC0-301F-11D3-BF4B-00C04F79EFBC}") = "experience-widget.tests", "tests\experience-widget.tests\experience-widget.tests.csproj", "{D98F9AB4-C143-16AC-D3F9-4A690E45459B}"
EndProject
Global
	GlobalSection(SolutionConfigurationPlatforms) = preSolution
		Debug|Any CPU = Debug|Any CPU
		Release|Any CPU = Release|Any CPU
	EndGlobalSection
	GlobalSection(ProjectConfigurationPlatforms) = postSolution
		{4BD822DA-2C2A-262E-00EE-76279A1C54AF}.Debug|Any CPU.ActiveCfg = Debug|Any CPU
		{4BD822DA-2C2A-262E-00EE-76279A1C54AF}.Debug|Any CPU.Build.0 = Debug|Any CPU
		{4BD822DA-2C2A-262E-00EE-76279A1C54AF}.Release|Any CPU.ActiveCfg = Release|Any CPU
		{4BD822DA-2C2A-262E-00EE-76279A1C54AF}.Release|Any CPU.Build.0 = Release|Any CPU
		{D98F9AB4-C143-16AC-D3F9-4A690E45459B}.Debug|Any CPU.ActiveCfg = Debug|Any CPU
		{D98F9AB4-C143-16AC-D3F9-4A690E45459B}.Debug|Any CPU.Build.0 = Debug|Any CPU
		{D98F9AB4-C143-16AC-D3F9-4A690E45459B}.Release|Any CPU.ActiveCfg = Release|Any CPU
		{D98F9AB4-C143-16AC-D3F9-4A690E45459B}.Release|Any CPU.Build.0 = Release|Any CPU
	EndGlobalSection
	GlobalSection(SolutionProperties) = preSolution
		HideSolutionNode = FALSE
	EndGlobalSection
	GlobalSection(NestedProjects) = preSolution
		{4BD822DA-2C2A-262E-00EE-76279A1C54AF} = {02EA681E-C7D8-13C7-8484-4AC65E1B71E8}
		{D98F9AB4-C143-16AC-D3F9-4A690E45459B} = {CE0C1778-727D-4A5C-B893-971312C5BAF2}
	EndGlobalSection
	GlobalSection(ExtensibilityGlobals) = postSolution
		SolutionGuid = {04ED5D81-A28D-4E8B-A2CB-45ACB439DB9A}
	EndGlobalSection
EndGlobal
